{
  "requires": true,
  "lockfileVersion": 1,
  "dependencies": {
    "cc.fovea.cordova.purchase": {
      "version": "8.1.1",
      "resolved": "https://registry.npmjs.org/cc.fovea.cordova.purchase/-/cc.fovea.cordova.purchase-8.1.1.tgz",
      "integrity": "sha512-HnW3qxv1ZS2dKAivzoeHIorjnXt/KK4kgVJtbIG6GmP0wbmFfj3UHa8Q8QCPVj2mn1FEUilYjKC1j+CY9rJGQA=="
    },
    "cordova-plugin-x-socialsharing": {
      "version": "git+https://github.com/EddyVerbruggen/SocialSharing-PhoneGap-Plugin.git#7f61eb6d5ac9b7f4ce080f5acbd1a9614d5121bd",
      "from": "git+https://github.com/EddyVerbruggen/SocialSharing-PhoneGap-Plugin.git"
    },
    "es6-promise-plugin": {
      "version": "4.2.2",
      "resolved": "https://registry.npmjs.org/es6-promise-plugin/-/es6-promise-plugin-4.2.2.tgz",
      "integrity": "sha512-uoA4aVplXI9oqUYJFBAVRwAqIN9/n9JgrTAUGX3qPbnSZVE5yY1+6/MsoN5f4xsaPO62WjPHOdtts6okMN6tNA=="
    }
  }
}
